
Microsoft Visual Studio Solution File, Format Version 12.00
# Visual Studio Version 17
VisualStudioVersion = 17.2.32616.157
MinimumVisualStudioVersion = 10.0.40219.1
Project("{FAE04EC0-301F-11D3-BF4B-00C04F79EFBC}") = "Assignment_2", "Assignment_2\Assignment_2.csproj", "{642673D5-D88B-4423-8453-F0F9715E3407}"
EndProject
Global
	GlobalSection(SolutionConfigurationPlatforms) = preSolution
		Debug|Any CPU = Debug|Any CPU
		Release|Any CPU = Release|Any CPU
	EndGlobalSection
	GlobalSection(ProjectConfigurationPlatforms) = postSolution
		{642673D5-D88B-4423-8453-F0F9715E3407}.Debug|Any CPU.ActiveCfg = Debug|Any CPU
		{642673D5-D88B-4423-8453-F0F9715E3407}.Debug|Any CPU.Build.0 = Debug|Any CPU
		{642673D5-D88B-4423-8453-F0F9715E3407}.Release|Any CPU.ActiveCfg = Release|Any CPU
		{642673D5-D88B-4423-8453-F0F9715E3407}.Release|Any CPU.Build.0 = Release|Any CPU
	EndGlobalSection
	GlobalSection(SolutionProperties) = preSolution
		HideSolutionNode = FALSE
	EndGlobalSection
	GlobalSection(ExtensibilityGlobals) = postSolution
		SolutionGuid = {01EC78CE-8881-4D05-8E40-D79D84417482}
	EndGlobalSection
EndGlobal
